
Microsoft Visual Studio Solution File, Format Version 12.00
# Visual Studio Version 17
VisualStudioVersion = 17.0.31825.309
MinimumVisualStudioVersion = 10.0.40219.1
Project("{9A19103F-16F7-4668-BE54-9A1E7A4F7556}") = "Bank", "Bank\Bank.csproj", "{1E78E935-A52D-4169-809B-B6A6929243C2}"
EndProject
Project("{2150E333-8FDC-42A3-9474-1A3956D46DE8}") = "Lesson_3", "Lesson_3", "{26565B1A-F256-44E3-B328-DB8AB10768D3}"
EndProject
Project("{2150E333-8FDC-42A3-9474-1A3956D46DE8}") = "1", "1", "{F788CD82-0D30-4751-A435-AB34BB692328}"
EndProject
Project("{2150E333-8FDC-42A3-9474-1A3956D46DE8}") = "2", "2", "{6CD91749-4353-4F79-A1FE-EBFC7D23340A}"
EndProject
Project("{9A19103F-16F7-4668-BE54-9A1E7A4F7556}") = "Extensions", "Lesson_3\2\Extensions\Extensions.csproj", "{5EAD0133-6DE7-473B-8C68-6AB263D66C08}"
EndProject
Project("{9A19103F-16F7-4668-BE54-9A1E7A4F7556}") = "Test", "Lesson_3\2\Test\Test.csproj", "{703511C7-359D-49F3-B6C2-22C7EACCDA45}"
EndProject
Project("{2150E333-8FDC-42A3-9474-1A3956D46DE8}") = "3", "3", "{1D958314-E4A3-4C61-9CC2-3CD90A930DF9}"
EndProject
Project("{9A19103F-16F7-4668-BE54-9A1E7A4F7556}") = "WorkingWithStrings", "Lesson_3\3\WorkingWithStrings\WorkingWithStrings.csproj", "{58F6C6FA-1655-4D94-95B5-4C358AFC2A83}"
EndProject
Project("{2150E333-8FDC-42A3-9474-1A3956D46DE8}") = "Lesson_4", "Lesson_4", "{B7F86A50-26F4-4A93-A124-6D182D60C1FC}"
EndProject
Project("{2150E333-8FDC-42A3-9474-1A3956D46DE8}") = "LetsBuild", "LetsBuild", "{B5705860-045E-464A-823B-D800277A2C52}"
EndProject
Project("{9A19103F-16F7-4668-BE54-9A1E7A4F7556}") = "LetsBuild", "Lesson_4\LetsBuild\LetsBuild\LetsBuild.csproj", "{3D366549-9781-4608-8C60-7B2E22F8A922}"
EndProject
Project("{9A19103F-16F7-4668-BE54-9A1E7A4F7556}") = "BuildingTest", "Lesson_4\BuildingTest\BuildingTest.csproj", "{132B77F0-8960-4E2D-9520-B3C53979723E}"
EndProject
Project("{2150E333-8FDC-42A3-9474-1A3956D46DE8}") = "Lesson_5", "Lesson_5", "{4B0CC249-816D-41E5-87BA-590A02B00AAC}"
EndProject
Project("{2150E333-8FDC-42A3-9474-1A3956D46DE8}") = "RationalNumbers", "RationalNumbers", "{9CD5D36B-89D2-4B3E-B7AA-25E3CE9782AD}"
EndProject
Project("{2150E333-8FDC-42A3-9474-1A3956D46DE8}") = "ComplexNumbers", "ComplexNumbers", "{6699F5D1-E932-4F1E-8C44-C8B0F0F494B5}"
EndProject
Project("{9A19103F-16F7-4668-BE54-9A1E7A4F7556}") = "RationalNumbers", "Lesson_5\RationalNumbers\RationalNumbers.csproj", "{67D53DA6-C6F3-4D68-93CD-2D016196E3BD}"
EndProject
Project("{FAE04EC0-301F-11D3-BF4B-00C04F79EFBC}") = "ComplexNumbers", "Lesson_5\ComplexNumbers\ComplexNumbers.csproj", "{FC32A883-F4D3-4499-B64C-91ED4FD805E5}"
EndProject
Global
	GlobalSection(SolutionConfigurationPlatforms) = preSolution
		Debug|Any CPU = Debug|Any CPU
		Release|Any CPU = Release|Any CPU
	EndGlobalSection
	GlobalSection(ProjectConfigurationPlatforms) = postSolution
		{1E78E935-A52D-4169-809B-B6A6929243C2}.Debug|Any CPU.ActiveCfg = Debug|Any CPU
		{1E78E935-A52D-4169-809B-B6A6929243C2}.Debug|Any CPU.Build.0 = Debug|Any CPU
		{1E78E935-A52D-4169-809B-B6A6929243C2}.Release|Any CPU.ActiveCfg = Release|Any CPU
		{1E78E935-A52D-4169-809B-B6A6929243C2}.Release|Any CPU.Build.0 = Release|Any CPU
		{5EAD0133-6DE7-473B-8C68-6AB263D66C08}.Debug|Any CPU.ActiveCfg = Debug|Any CPU
		{5EAD0133-6DE7-473B-8C68-6AB263D66C08}.Debug|Any CPU.Build.0 = Debug|Any CPU
		{5EAD0133-6DE7-473B-8C68-6AB263D66C08}.Release|Any CPU.ActiveCfg = Release|Any CPU
		{5EAD0133-6DE7-473B-8C68-6AB263D66C08}.Release|Any CPU.Build.0 = Release|Any CPU
		{703511C7-359D-49F3-B6C2-22C7EACCDA45}.Debug|Any CPU.ActiveCfg = Debug|Any CPU
		{703511C7-359D-49F3-B6C2-22C7EACCDA45}.Debug|Any CPU.Build.0 = Debug|Any CPU
		{703511C7-359D-49F3-B6C2-22C7EACCDA45}.Release|Any CPU.ActiveCfg = Release|Any CPU
		{703511C7-359D-49F3-B6C2-22C7EACCDA45}.Release|Any CPU.Build.0 = Release|Any CPU
		{58F6C6FA-1655-4D94-95B5-4C358AFC2A83}.Debug|Any CPU.ActiveCfg = Debug|Any CPU
		{58F6C6FA-1655-4D94-95B5-4C358AFC2A83}.Debug|Any CPU.Build.0 = Debug|Any CPU
		{58F6C6FA-1655-4D94-95B5-4C358AFC2A83}.Release|Any CPU.ActiveCfg = Release|Any CPU
		{58F6C6FA-1655-4D94-95B5-4C358AFC2A83}.Release|Any CPU.Build.0 = Release|Any CPU
		{3D366549-9781-4608-8C60-7B2E22F8A922}.Debug|Any CPU.ActiveCfg = Debug|Any CPU
		{3D366549-9781-4608-8C60-7B2E22F8A922}.Debug|Any CPU.Build.0 = Debug|Any CPU
		{3D366549-9781-4608-8C60-7B2E22F8A922}.Release|Any CPU.ActiveCfg = Release|Any CPU
		{3D366549-9781-4608-8C60-7B2E22F8A922}.Release|Any CPU.Build.0 = Release|Any CPU
		{132B77F0-8960-4E2D-9520-B3C53979723E}.Debug|Any CPU.ActiveCfg = Debug|Any CPU
		{132B77F0-8960-4E2D-9520-B3C53979723E}.Debug|Any CPU.Build.0 = Debug|Any CPU
		{132B77F0-8960-4E2D-9520-B3C53979723E}.Release|Any CPU.ActiveCfg = Release|Any CPU
		{132B77F0-8960-4E2D-9520-B3C53979723E}.Release|Any CPU.Build.0 = Release|Any CPU
		{67D53DA6-C6F3-4D68-93CD-2D016196E3BD}.Debug|Any CPU.ActiveCfg = Debug|Any CPU
		{67D53DA6-C6F3-4D68-93CD-2D016196E3BD}.Debug|Any CPU.Build.0 = Debug|Any CPU
		{67D53DA6-C6F3-4D68-93CD-2D016196E3BD}.Release|Any CPU.ActiveCfg = Release|Any CPU
		{67D53DA6-C6F3-4D68-93CD-2D016196E3BD}.Release|Any CPU.Build.0 = Release|Any CPU
		{FC32A883-F4D3-4499-B64C-91ED4FD805E5}.Debug|Any CPU.ActiveCfg = Debug|Any CPU
		{FC32A883-F4D3-4499-B64C-91ED4FD805E5}.Debug|Any CPU.Build.0 = Debug|Any CPU
		{FC32A883-F4D3-4499-B64C-91ED4FD805E5}.Release|Any CPU.ActiveCfg = Release|Any CPU
		{FC32A883-F4D3-4499-B64C-91ED4FD805E5}.Release|Any CPU.Build.0 = Release|Any CPU
	EndGlobalSection
	GlobalSection(SolutionProperties) = preSolution
		HideSolutionNode = FALSE
	EndGlobalSection
	GlobalSection(NestedProjects) = preSolution
		{1E78E935-A52D-4169-809B-B6A6929243C2} = {F788CD82-0D30-4751-A435-AB34BB692328}
		{F788CD82-0D30-4751-A435-AB34BB692328} = {26565B1A-F256-44E3-B328-DB8AB10768D3}
		{6CD91749-4353-4F79-A1FE-EBFC7D23340A} = {26565B1A-F256-44E3-B328-DB8AB10768D3}
		{5EAD0133-6DE7-473B-8C68-6AB263D66C08} = {6CD91749-4353-4F79-A1FE-EBFC7D23340A}
		{703511C7-359D-49F3-B6C2-22C7EACCDA45} = {6CD91749-4353-4F79-A1FE-EBFC7D23340A}
		{1D958314-E4A3-4C61-9CC2-3CD90A930DF9} = {26565B1A-F256-44E3-B328-DB8AB10768D3}
		{58F6C6FA-1655-4D94-95B5-4C358AFC2A83} = {1D958314-E4A3-4C61-9CC2-3CD90A930DF9}
		{B5705860-045E-464A-823B-D800277A2C52} = {B7F86A50-26F4-4A93-A124-6D182D60C1FC}
		{3D366549-9781-4608-8C60-7B2E22F8A922} = {B5705860-045E-464A-823B-D800277A2C52}
		{132B77F0-8960-4E2D-9520-B3C53979723E} = {B5705860-045E-464A-823B-D800277A2C52}
		{9CD5D36B-89D2-4B3E-B7AA-25E3CE9782AD} = {4B0CC249-816D-41E5-87BA-590A02B00AAC}
		{6699F5D1-E932-4F1E-8C44-C8B0F0F494B5} = {4B0CC249-816D-41E5-87BA-590A02B00AAC}
		{67D53DA6-C6F3-4D68-93CD-2D016196E3BD} = {9CD5D36B-89D2-4B3E-B7AA-25E3CE9782AD}
		{FC32A883-F4D3-4499-B64C-91ED4FD805E5} = {6699F5D1-E932-4F1E-8C44-C8B0F0F494B5}
	EndGlobalSection
	GlobalSection(ExtensibilityGlobals) = postSolution
		SolutionGuid = {52B46D77-7CB7-4A5A-8CF9-700C27DE664D}
	EndGlobalSection
EndGlobal
