
Microsoft Visual Studio Solution File, Format Version 12.00
# Visual Studio Version 17
VisualStudioVersion = 17.0.31903.59
MinimumVisualStudioVersion = 10.0.40219.1
Project("{9A19103F-16F7-4668-BE54-9A1E7A4F7556}") = "Bank", "Bank\Bank.csproj", "{1E78E935-A52D-4169-809B-B6A6929243C2}"
EndProject
Project("{2150E333-8FDC-42A3-9474-1A3956D46DE8}") = "Lesson_6", "Lesson_6", "{F203E093-6F26-4E5A-A33C-775A12F78849}"
EndProject
Project("{2150E333-8FDC-42A3-9474-1A3956D46DE8}") = "1", "1", "{8A6905EA-4065-4C1C-8190-EEB7C4130CC0}"
EndProject
Project("{2150E333-8FDC-42A3-9474-1A3956D46DE8}") = "2", "2", "{3E2E66AC-558C-4D02-BCB7-9F82E1BE0E6C}"
EndProject
Global
	GlobalSection(SolutionConfigurationPlatforms) = preSolution
		Debug|Any CPU = Debug|Any CPU
		Release|Any CPU = Release|Any CPU
	EndGlobalSection
	GlobalSection(ProjectConfigurationPlatforms) = postSolution
		{1E78E935-A52D-4169-809B-B6A6929243C2}.Debug|Any CPU.ActiveCfg = Debug|Any CPU
		{1E78E935-A52D-4169-809B-B6A6929243C2}.Debug|Any CPU.Build.0 = Debug|Any CPU
		{1E78E935-A52D-4169-809B-B6A6929243C2}.Release|Any CPU.ActiveCfg = Release|Any CPU
		{1E78E935-A52D-4169-809B-B6A6929243C2}.Release|Any CPU.Build.0 = Release|Any CPU
	EndGlobalSection
	GlobalSection(SolutionProperties) = preSolution
		HideSolutionNode = FALSE
	EndGlobalSection
	GlobalSection(NestedProjects) = preSolution
		{1E78E935-A52D-4169-809B-B6A6929243C2} = {8A6905EA-4065-4C1C-8190-EEB7C4130CC0}
		{8A6905EA-4065-4C1C-8190-EEB7C4130CC0} = {F203E093-6F26-4E5A-A33C-775A12F78849}
		{3E2E66AC-558C-4D02-BCB7-9F82E1BE0E6C} = {F203E093-6F26-4E5A-A33C-775A12F78849}
	EndGlobalSection
	GlobalSection(ExtensibilityGlobals) = postSolution
		SolutionGuid = {52B46D77-7CB7-4A5A-8CF9-700C27DE664D}
	EndGlobalSection
EndGlobal
